
Microsoft Visual Studio Solution File, Format Version 12.00
# Visual Studio 14
VisualStudioVersion = 14.0.25420.1
MinimumVisualStudioVersion = 10.0.40219.1
Project("{FAE04EC0-301F-11D3-BF4B-00C04F79EFBC}") = "StockExchange", "StockExchange\StockExchange.csproj", "{77610C5A-A780-48BA-819D-97B4D004368D}"
EndProject
Project("{FAE04EC0-301F-11D3-BF4B-00C04F79EFBC}") = "StockExchangeTests", "StockExchangeTests\StockExchangeTests.csproj", "{F161B87D-63A6-419E-8FFF-DA8BE51355C5}"
EndProject
Global
	GlobalSection(SolutionConfigurationPlatforms) = preSolution
		Debug|Any CPU = Debug|Any CPU
		Release|Any CPU = Release|Any CPU
	EndGlobalSection
	GlobalSection(ProjectConfigurationPlatforms) = postSolution
		{77610C5A-A780-48BA-819D-97B4D004368D}.Debug|Any CPU.ActiveCfg = Debug|Any CPU
		{77610C5A-A780-48BA-819D-97B4D004368D}.Debug|Any CPU.Build.0 = Debug|Any CPU
		{77610C5A-A780-48BA-819D-97B4D004368D}.Release|Any CPU.ActiveCfg = Release|Any CPU
		{77610C5A-A780-48BA-819D-97B4D004368D}.Release|Any CPU.Build.0 = Release|Any CPU
		{F161B87D-63A6-419E-8FFF-DA8BE51355C5}.Debug|Any CPU.ActiveCfg = Debug|Any CPU
		{F161B87D-63A6-419E-8FFF-DA8BE51355C5}.Debug|Any CPU.Build.0 = Debug|Any CPU
		{F161B87D-63A6-419E-8FFF-DA8BE51355C5}.Release|Any CPU.ActiveCfg = Release|Any CPU
		{F161B87D-63A6-419E-8FFF-DA8BE51355C5}.Release|Any CPU.Build.0 = Release|Any CPU
	EndGlobalSection
	GlobalSection(SolutionProperties) = preSolution
		HideSolutionNode = FALSE
	EndGlobalSection
EndGlobal
